
Microsoft Visual Studio Solution File, Format Version 12.00
# Visual Studio 15
VisualStudioVersion = 15.0.28307.271
MinimumVisualStudioVersion = 10.0.40219.1
Project("{9A19103F-16F7-4668-BE54-9A1E7A4F7556}") = "BBT.StrategyPattern", "BBT.StrategyPattern\BBT.StrategyPattern.csproj", "{2F38B821-95F8-4560-B08E-9796C44D0C86}"
EndProject
Project("{9A19103F-16F7-4668-BE54-9A1E7A4F7556}") = "BBT.StrategyPattern.Tests", "BBT.StrategyPattern.Tests\BBT.StrategyPattern.Tests.csproj", "{86D8402D-88CF-4887-A9BC-5662FC23BAFE}"
EndProject
Global
	GlobalSection(SolutionConfigurationPlatforms) = preSolution
		Debug|Any CPU = Debug|Any CPU
		Release|Any CPU = Release|Any CPU
	EndGlobalSection
	GlobalSection(ProjectConfigurationPlatforms) = postSolution
		{2F38B821-95F8-4560-B08E-9796C44D0C86}.Debug|Any CPU.ActiveCfg = Debug|Any CPU
		{2F38B821-95F8-4560-B08E-9796C44D0C86}.Debug|Any CPU.Build.0 = Debug|Any CPU
		{2F38B821-95F8-4560-B08E-9796C44D0C86}.Release|Any CPU.ActiveCfg = Release|Any CPU
		{2F38B821-95F8-4560-B08E-9796C44D0C86}.Release|Any CPU.Build.0 = Release|Any CPU
		{86D8402D-88CF-4887-A9BC-5662FC23BAFE}.Debug|Any CPU.ActiveCfg = Debug|Any CPU
		{86D8402D-88CF-4887-A9BC-5662FC23BAFE}.Debug|Any CPU.Build.0 = Debug|Any CPU
		{86D8402D-88CF-4887-A9BC-5662FC23BAFE}.Release|Any CPU.ActiveCfg = Release|Any CPU
		{86D8402D-88CF-4887-A9BC-5662FC23BAFE}.Release|Any CPU.Build.0 = Release|Any CPU
	EndGlobalSection
	GlobalSection(SolutionProperties) = preSolution
		HideSolutionNode = FALSE
	EndGlobalSection
	GlobalSection(ExtensibilityGlobals) = postSolution
		SolutionGuid = {9E9EFC94-8A6D-473C-BA4C-2C793E565BA6}
	EndGlobalSection
EndGlobal
